
Microsoft Visual Studio Solution File, Format Version 12.00
# Visual Studio Version 17
VisualStudioVersion = 17.12.35707.178 d17.12
MinimumVisualStudioVersion = 10.0.40219.1
Project("{FAE04EC0-301F-11D3-BF4B-00C04F79EFBC}") = "EvenimentMd", "EvenimentMd\EvenimentMd.csproj", "{3372BD7C-A4B5-409C-AA12-540A0DA40DBA}"
EndProject
Global
	GlobalSection(SolutionConfigurationPlatforms) = preSolution
		Debug|Any CPU = Debug|Any CPU
		Release|Any CPU = Release|Any CPU
	EndGlobalSection
	GlobalSection(ProjectConfigurationPlatforms) = postSolution
		{3372BD7C-A4B5-409C-AA12-540A0DA40DBA}.Debug|Any CPU.ActiveCfg = Debug|Any CPU
		{3372BD7C-A4B5-409C-AA12-540A0DA40DBA}.Debug|Any CPU.Build.0 = Debug|Any CPU
		{3372BD7C-A4B5-409C-AA12-540A0DA40DBA}.Release|Any CPU.ActiveCfg = Release|Any CPU
		{3372BD7C-A4B5-409C-AA12-540A0DA40DBA}.Release|Any CPU.Build.0 = Release|Any CPU
	EndGlobalSection
	GlobalSection(SolutionProperties) = preSolution
		HideSolutionNode = FALSE
	EndGlobalSection
EndGlobal
